
Microsoft Visual Studio Solution File, Format Version 10.00
# Visual Studio 2008
Project("{FAE04EC0-301F-11D3-BF4B-00C04F79EFBC}") = "Nanook", "Nanook\Nanook.csproj", "{CF238143-6471-4A00-A704-E92895D42137}"
EndProject
Project("{FAE04EC0-301F-11D3-BF4B-00C04F79EFBC}") = "Nanook.Server", "Nanook.Server\Nanook.Server.csproj", "{4D287F43-D042-45CA-A2E1-09B3600638CD}"
EndProject
Global
	GlobalSection(SolutionConfigurationPlatforms) = preSolution
		Debug|Any CPU = Debug|Any CPU
		Release|Any CPU = Release|Any CPU
	EndGlobalSection
	GlobalSection(ProjectConfigurationPlatforms) = postSolution
		{4D287F43-D042-45CA-A2E1-09B3600638CD}.Debug|Any CPU.ActiveCfg = Debug|Any CPU
		{4D287F43-D042-45CA-A2E1-09B3600638CD}.Debug|Any CPU.Build.0 = Debug|Any CPU
		{4D287F43-D042-45CA-A2E1-09B3600638CD}.Release|Any CPU.ActiveCfg = Release|Any CPU
		{4D287F43-D042-45CA-A2E1-09B3600638CD}.Release|Any CPU.Build.0 = Release|Any CPU
		{CF238143-6471-4A00-A704-E92895D42137}.Debug|Any CPU.ActiveCfg = Debug|Any CPU
		{CF238143-6471-4A00-A704-E92895D42137}.Debug|Any CPU.Build.0 = Debug|Any CPU
		{CF238143-6471-4A00-A704-E92895D42137}.Release|Any CPU.ActiveCfg = Release|Any CPU
		{CF238143-6471-4A00-A704-E92895D42137}.Release|Any CPU.Build.0 = Release|Any CPU
	EndGlobalSection
	GlobalSection(MonoDevelopProperties) = preSolution
		StartupItem = Nanook\Nanook.csproj
		Policies = $0
		$0.TextStylePolicy = $1
		$1.inheritsSet = null
		$1.scope = text/x-csharp
		$0.CSharpFormattingPolicy = $2
		$2.NamespaceBraceStyle = EndOfLine
		$2.ClassBraceStyle = EndOfLine
		$2.InterfaceBraceStyle = EndOfLine
		$2.StructBraceStyle = EndOfLine
		$2.EnumBraceStyle = EndOfLine
		$2.MethodBraceStyle = EndOfLine
		$2.ConstructorBraceStyle = EndOfLine
		$2.DestructorBraceStyle = EndOfLine
		$2.BeforeMethodCallParentheses = False
		$2.BeforeMethodDeclarationParentheses = False
		$2.BeforeConstructorDeclarationParentheses = False
		$2.BeforeDelegateDeclarationParentheses = False
		$2.NewParentheses = False
		$2.inheritsSet = Mono
		$2.inheritsScope = text/x-csharp
		$2.scope = text/x-csharp
		$0.TextStylePolicy = $3
		$3.FileWidth = 120
		$3.inheritsSet = VisualStudio
		$3.inheritsScope = text/plain
		$3.scope = text/plain
		$0.StandardHeader = $4
		$4.Text = 
		$4.inheritsSet = Apache2License
	EndGlobalSection
EndGlobal
